
Microsoft Visual Studio Solution File, Format Version 12.00
# Visual Studio Version 17
VisualStudioVersion = 17.0.31903.59
MinimumVisualStudioVersion = 10.0.40219.1
Project("{2150E333-8FDC-42A3-9474-1A3956D46DE8}") = "src", "src", "{48AF81C6-C007-4F1F-A1BA-6E51C07105AB}"
EndProject
Project("{FAE04EC0-301F-11D3-BF4B-00C04F79EFBC}") = "AuctionService", "src\AuctionService\AuctionService.csproj", "{2D33FE5C-60B5-4AA9-BE6D-89C31D447D9A}"
EndProject
Project("{FAE04EC0-301F-11D3-BF4B-00C04F79EFBC}") = "SearchService", "src\SearchService\SearchService.csproj", "{E24A801C-A1B8-4A3D-B184-FFDBE9B83D6F}"
EndProject
Project("{FAE04EC0-301F-11D3-BF4B-00C04F79EFBC}") = "Contracts", "src\Contracts\Contracts.csproj", "{27017120-A80F-415C-AAF8-960F32C917BF}"
EndProject
Project("{FAE04EC0-301F-11D3-BF4B-00C04F79EFBC}") = "IdentityService", "src\IdentityService\IdentityService.csproj", "{7BB6433C-D482-41F3-A8DD-A1A1E51B8EB9}"
EndProject
Global
	GlobalSection(SolutionConfigurationPlatforms) = preSolution
		Debug|Any CPU = Debug|Any CPU
		Release|Any CPU = Release|Any CPU
	EndGlobalSection
	GlobalSection(SolutionProperties) = preSolution
		HideSolutionNode = FALSE
	EndGlobalSection
	GlobalSection(ProjectConfigurationPlatforms) = postSolution
		{2D33FE5C-60B5-4AA9-BE6D-89C31D447D9A}.Debug|Any CPU.ActiveCfg = Debug|Any CPU
		{2D33FE5C-60B5-4AA9-BE6D-89C31D447D9A}.Debug|Any CPU.Build.0 = Debug|Any CPU
		{2D33FE5C-60B5-4AA9-BE6D-89C31D447D9A}.Release|Any CPU.ActiveCfg = Release|Any CPU
		{2D33FE5C-60B5-4AA9-BE6D-89C31D447D9A}.Release|Any CPU.Build.0 = Release|Any CPU
		{E24A801C-A1B8-4A3D-B184-FFDBE9B83D6F}.Debug|Any CPU.ActiveCfg = Debug|Any CPU
		{E24A801C-A1B8-4A3D-B184-FFDBE9B83D6F}.Debug|Any CPU.Build.0 = Debug|Any CPU
		{E24A801C-A1B8-4A3D-B184-FFDBE9B83D6F}.Release|Any CPU.ActiveCfg = Release|Any CPU
		{E24A801C-A1B8-4A3D-B184-FFDBE9B83D6F}.Release|Any CPU.Build.0 = Release|Any CPU
		{27017120-A80F-415C-AAF8-960F32C917BF}.Debug|Any CPU.ActiveCfg = Debug|Any CPU
		{27017120-A80F-415C-AAF8-960F32C917BF}.Debug|Any CPU.Build.0 = Debug|Any CPU
		{27017120-A80F-415C-AAF8-960F32C917BF}.Release|Any CPU.ActiveCfg = Release|Any CPU
		{27017120-A80F-415C-AAF8-960F32C917BF}.Release|Any CPU.Build.0 = Release|Any CPU
		{7BB6433C-D482-41F3-A8DD-A1A1E51B8EB9}.Debug|Any CPU.ActiveCfg = Debug|Any CPU
		{7BB6433C-D482-41F3-A8DD-A1A1E51B8EB9}.Debug|Any CPU.Build.0 = Debug|Any CPU
		{7BB6433C-D482-41F3-A8DD-A1A1E51B8EB9}.Release|Any CPU.ActiveCfg = Release|Any CPU
		{7BB6433C-D482-41F3-A8DD-A1A1E51B8EB9}.Release|Any CPU.Build.0 = Release|Any CPU
	EndGlobalSection
	GlobalSection(NestedProjects) = preSolution
		{2D33FE5C-60B5-4AA9-BE6D-89C31D447D9A} = {48AF81C6-C007-4F1F-A1BA-6E51C07105AB}
		{E24A801C-A1B8-4A3D-B184-FFDBE9B83D6F} = {48AF81C6-C007-4F1F-A1BA-6E51C07105AB}
		{27017120-A80F-415C-AAF8-960F32C917BF} = {48AF81C6-C007-4F1F-A1BA-6E51C07105AB}
		{7BB6433C-D482-41F3-A8DD-A1A1E51B8EB9} = {48AF81C6-C007-4F1F-A1BA-6E51C07105AB}
	EndGlobalSection
EndGlobal
